schema: '2.0'
stages:
  make_dataset:
    cmd: python .\src\data\make_dataset.py .\data\raw\creditcard.csv 
      .\data\processed
    deps:
    - path: .\data\raw\creditcard.csv
      hash: md5
      md5: e90efcb83d69faf99fcab8b0255024de
      size: 150828752
    - path: .\src\data\make_dataset.py
      hash: md5
      md5: c14fbd110b22c2d2df1089ba68a97d3d
      size: 1221
    params:
      params.yaml:
        make_dataset.seed: 42
        make_dataset.test_size: 0.3
    outs:
    - path: .\data\processed
      hash: md5
      md5: 58ed805b089b73109e57de0cbed4eebb.dir
      size: 151102527
      nfiles: 2
  train_model:
    cmd: python .\src\models\train_model.py .\data\processed\train.csv .\models 
      Class
    deps:
    - path: .\data\processed\train.csv
      hash: md5
      md5: 54ae2bec7f8ed8794d4c15abc5ea0120
      size: 105772339
    - path: .\src\models\train_model.py
      hash: md5
      md5: a480c720fd2ae159d4a3f2e329ad1ea4
      size: 1113
    params:
      params.yaml:
        train_model.max_depth: 6
        train_model.n_estimators: 15
        train_model.seed: 42
    outs:
    - path: .\models
      hash: md5
      md5: 6ed2deed2dae5617b9f5d1d7947a1d9d.dir
      size: 73673
      nfiles: 1
  visualize:
    cmd: python .\src\visualization\visualize.py .\models\model.joblib 
      .\data\processed .\dvclive Class
    deps:
    - path: .\data\processed
      hash: md5
      md5: 58ed805b089b73109e57de0cbed4eebb.dir
      size: 151102527
      nfiles: 2
    - path: .\models\model.joblib
      hash: md5
      md5: 966bb3f402c0e730bff6faed943f80d8
      size: 73673
    - path: .\src\visualization\visualize.py
      hash: md5
      md5: 656caeb94528d6b88e98050ffc533251
      size: 2359
    outs:
    - path: .\dvclive
      hash: md5
      md5: dd591c1e33947f94d68c735a4dfa6771.dir
      size: 24846352
      nfiles: 8
